// !$*UTF8*$!
{
	archiveVersion = 1;
	classes = {
	};
	objectVersion = 55;
	objects = {

/* Begin PBXBuildFile section */
		71C02BCA2841A642007E918C /* AppDelegate.swift in Sources */ = {isa = PBXBuildFile; fileRef = 71C02BC92841A642007E918C /* AppDelegate.swift */; };
		71C02BCC2841A642007E918C /* SceneDelegate.swift in Sources */ = {isa = PBXBuildFile; fileRef = 71C02BCB2841A642007E918C /* SceneDelegate.swift */; };
		71C02BCE2841A642007E918C /* ViewController.swift in Sources */ = {isa = PBXBuildFile; fileRef = 71C02BCD2841A642007E918C /* ViewController.swift */; };
		71C02BD12841A642007E918C /* Main.storyboard in Resources */ = {isa = PBXBuildFile; fileRef = 71C02BCF2841A642007E918C /* Main.storyboard */; };
		71C02BD32841A645007E918C /* Assets.xcassets in Resources */ = {isa = PBXBuildFile; fileRef = 71C02BD22841A645007E918C /* Assets.xcassets */; };
		71C02BD62841A645007E918C /* LaunchScreen.storyboard in Resources */ = {isa = PBXBuildFile; fileRef = 71C02BD42841A645007E918C /* LaunchScreen.storyboard */; };
		71C02BE12841A645007E918C /* notTheBestNameTests.swift in Sources */ = {isa = PBXBuildFile; fileRef = 71C02BE02841A645007E918C /* notTheBestNameTests.swift */; };
		71C02BEB2841A645007E918C /* notTheBestNameUITests.swift in Sources */ = {isa = PBXBuildFile; fileRef = 71C02BEA2841A645007E918C /* notTheBestNameUITests.swift */; };
		71C02BED2841A645007E918C /* notTheBestNameUITestsLaunchTests.swift in Sources */ = {isa = PBXBuildFile; fileRef = 71C02BEC2841A645007E918C /* notTheBestNameUITestsLaunchTests.swift */; };
/* End PBXBuildFile section */

/* Begin PBXContainerItemProxy section */
		71C02BDD2841A645007E918C /* PBXContainerItemProxy */ = {
			isa = PBXContainerItemProxy;
			containerPortal = 71C02BBE2841A642007E918C /* Project object */;
			proxyType = 1;
			remoteGlobalIDString = 71C02BC52841A642007E918C;
			remoteInfo = notTheBestName;
		};
		71C02BE72841A645007E918C /* PBXContainerItemProxy */ = {
			isa = PBXContainerItemProxy;
			containerPortal = 71C02BBE2841A642007E918C /* Project object */;
			proxyType = 1;
			remoteGlobalIDString = 71C02BC52841A642007E918C;
			remoteInfo = notTheBestName;
		};
/* End PBXContainerItemProxy section */

/* Begin PBXFileReference section */
		71C02BC62841A642007E918C /* notTheBestName.app */ = {isa = PBXFileReference; explicitFileType = wrapper.application; includeInIndex = 0; path = notTheBestName.app; sourceTree = BUILT_PRODUCTS_DIR; };
		71C02BC92841A642007E918C /* AppDelegate.swift */ = {isa = PBXFileReference; lastKnownFileType = sourcecode.swift; path = AppDelegate.swift; sourceTree = "<group>"; };
		71C02BCB2841A642007E918C /* SceneDelegate.swift */ = {isa = PBXFileReference; lastKnownFileType = sourcecode.swift; path = SceneDelegate.swift; sourceTree = "<group>"; };
		71C02BCD2841A642007E918C /* ViewController.swift */ = {isa = PBXFileReference; lastKnownFileType = sourcecode.swift; path = ViewController.swift; sourceTree = "<group>"; };
		71C02BD02841A642007E918C /* Base */ = {isa = PBXFileReference; lastKnownFileType = file.storyboard; name = Base; path = Base.lproj/Main.storyboard; sourceTree = "<group>"; };
		71C02BD22841A645007E918C /* Assets.xcassets */ = {isa = PBXFileReference; lastKnownFileType = folder.assetcatalog; path = Assets.xcassets; sourceTree = "<group>"; };
		71C02BD52841A645007E918C /* Base */ = {isa = PBXFileReference; lastKnownFileType = file.storyboard; name = Base; path = Base.lproj/LaunchScreen.storyboard; sourceTree = "<group>"; };
		71C02BD72841A645007E918C /* Info.plist */ = {isa = PBXFileReference; lastKnownFileType = text.plist.xml; path = Info.plist; sourceTree = "<group>"; };
		71C02BDC2841A645007E918C /* notTheBestNameTests.xctest */ = {isa = PBXFileReference; explicitFileType = wrapper.cfbundle; includeInIndex = 0; path = notTheBestNameTests.xctest; sourceTree = BUILT_PRODUCTS_DIR; };
		71C02BE02841A645007E918C /* notTheBestNameTests.swift */ = {isa = PBXFileReference; lastKnownFileType = sourcecode.swift; path = notTheBestNameTests.swift; sourceTree = "<group>"; };
		71C02BE62841A645007E918C /* notTheBestNameUITests.xctest */ = {isa = PBXFileReference; explicitFileType = wrapper.cfbundle; includeInIndex = 0; path = notTheBestNameUITests.xctest; sourceTree = BUILT_PRODUCTS_DIR; };
		71C02BEA2841A645007E918C /* notTheBestNameUITests.swift */ = {isa = PBXFileReference; lastKnownFileType = sourcecode.swift; path = notTheBestNameUITests.swift; sourceTree = "<group>"; };
		71C02BEC2841A645007E918C /* notTheBestNameUITestsLaunchTests.swift */ = {isa = PBXFileReference; lastKnownFileType = sourcecode.swift; path = notTheBestNameUITestsLaunchTests.swift; sourceTree = "<group>"; };
/* End PBXFileReference section */

/* Begin PBXFrameworksBuildPhase section */
		71C02BC32841A642007E918C /* Frameworks */ = {
			isa = PBXFrameworksBuildPhase;
			buildActionMask = 2147483647;
			files = (
			);
			runOnlyForDeploymentPostprocessing = 0;
		};
		71C02BD92841A645007E918C /* Frameworks */ = {
			isa = PBXFrameworksBuildPhase;
			buildActionMask = 2147483647;
			files = (
			);
			runOnlyForDeploymentPostprocessing = 0;
		};
		71C02BE32841A645007E918C /* Frameworks */ = {
			isa = PBXFrameworksBuildPhase;
			buildActionMask = 2147483647;
			files = (
			);
			runOnlyForDeploymentPostprocessing = 0;
		};
/* End PBXFrameworksBuildPhase section */

/* Begin PBXGroup section */
		71C02BBD2841A642007E918C = {
			isa = PBXGroup;
			children = (
				71C02BC82841A642007E918C /* notTheBestName */,
				71C02BDF2841A645007E918C /* notTheBestNameTests */,
				71C02BE92841A645007E918C /* notTheBestNameUITests */,
				71C02BC72841A642007E918C /* Products */,
			);
			sourceTree = "<group>";
		};
		71C02BC72841A642007E918C /* Products */ = {
			isa = PBXGroup;
			children = (
				71C02BC62841A642007E918C /* notTheBestName.app */,
				71C02BDC2841A645007E918C /* notTheBestNameTests.xctest */,
				71C02BE62841A645007E918C /* notTheBestNameUITests.xctest */,
			);
			name = Products;
			sourceTree = "<group>";
		};
		71C02BC82841A642007E918C /* notTheBestName */ = {
			isa = PBXGroup;
			children = (
				71C02BC92841A642007E918C /* AppDelegate.swift */,
				71C02BCB2841A642007E918C /* SceneDelegate.swift */,
				71C02BCD2841A642007E918C /* ViewController.swift */,
				71C02BCF2841A642007E918C /* Main.storyboard */,
				71C02BD22841A645007E918C /* Assets.xcassets */,
				71C02BD42841A645007E918C /* LaunchScreen.storyboard */,
				71C02BD72841A645007E918C /* Info.plist */,
			);
			path = notTheBestName;
			sourceTree = "<group>";
		};
		71C02BDF2841A645007E918C /* notTheBestNameTests */ = {
			isa = PBXGroup;
			children = (
				71C02BE02841A645007E918C /* notTheBestNameTests.swift */,
			);
			path = notTheBestNameTests;
			sourceTree = "<group>";
		};
		71C02BE92841A645007E918C /* notTheBestNameUITests */ = {
			isa = PBXGroup;
			children = (
				71C02BEA2841A645007E918C /* notTheBestNameUITests.swift */,
				71C02BEC2841A645007E918C /* notTheBestNameUITestsLaunchTests.swift */,
			);
			path = notTheBestNameUITests;
			sourceTree = "<group>";
		};
/* End PBXGroup section */

/* Begin PBXNativeTarget section */
		71C02BC52841A642007E918C /* notTheBestName */ = {
			isa = PBXNativeTarget;
			buildConfigurationList = 71C02BF02841A645007E918C /* Build configuration list for PBXNativeTarget "notTheBestName" */;
			buildPhases = (
				71C02BC22841A642007E918C /* Sources */,
				71C02BC32841A642007E918C /* Frameworks */,
				71C02BC42841A642007E918C /* Resources */,
			);
			buildRules = (
			);
			dependencies = (
			);
			name = notTheBestName;
			productName = notTheBestName;
			productReference = 71C02BC62841A642007E918C /* notTheBestName.app */;
			productType = "com.apple.product-type.application";
		};
		71C02BDB2841A645007E918C /* notTheBestNameTests */ = {
			isa = PBXNativeTarget;
			buildConfigurationList = 71C02BF32841A645007E918C /* Build configuration list for PBXNativeTarget "notTheBestNameTests" */;
			buildPhases = (
				71C02BD82841A645007E918C /* Sources */,
				71C02BD92841A645007E918C /* Frameworks */,
				71C02BDA2841A645007E918C /* Resources */,
			);
			buildRules = (
			);
			dependencies = (
				71C02BDE2841A645007E918C /* PBXTargetDependency */,
			);
			name = notTheBestNameTests;
			productName = notTheBestNameTests;
			productReference = 71C02BDC2841A645007E918C /* notTheBestNameTests.xctest */;
			productType = "com.apple.product-type.bundle.unit-test";
		};
		71C02BE52841A645007E918C /* notTheBestNameUITests */ = {
			isa = PBXNativeTarget;
			buildConfigurationList = 71C02BF62841A645007E918C /* Build configuration list for PBXNativeTarget "notTheBestNameUITests" */;
			buildPhases = (
				71C02BE22841A645007E918C /* Sources */,
				71C02BE32841A645007E918C /* Frameworks */,
				71C02BE42841A645007E918C /* Resources */,
			);
			buildRules = (
			);
			dependencies = (
				71C02BE82841A645007E918C /* PBXTargetDependency */,
			);
			name = notTheBestNameUITests;
			productName = notTheBestNameUITests;
			productReference = 71C02BE62841A645007E918C /* notTheBestNameUITests.xctest */;
			productType = "com.apple.product-type.bundle.ui-testing";
		};
/* End PBXNativeTarget section */

/* Begin PBXProject section */
		71C02BBE2841A642007E918C /* Project object */ = {
			isa = PBXProject;
			attributes = {
				BuildIndependentTargetsInParallel = 1;
				LastSwiftUpdateCheck = 1340;
				LastUpgradeCheck = 1340;
				TargetAttributes = {
					71C02BC52841A642007E918C = {
						CreatedOnToolsVersion = 13.4;
					};
					71C02BDB2841A645007E918C = {
						CreatedOnToolsVersion = 13.4;
						TestTargetID = 71C02BC52841A642007E918C;
					};
					71C02BE52841A645007E918C = {
						CreatedOnToolsVersion = 13.4;
						TestTargetID = 71C02BC52841A642007E918C;
					};
				};
			};
			buildConfigurationList = 71C02BC12841A642007E918C /* Build configuration list for PBXProject "notTheBestName" */;
			compatibilityVersion = "Xcode 13.0";
			developmentRegion = en;
			hasScannedForEncodings = 0;
			knownRegions = (
				en,
				Base,
			);
			mainGroup = 71C02BBD2841A642007E918C;
			productRefGroup = 71C02BC72841A642007E918C /* Products */;
			projectDirPath = "";
			projectRoot = "";
			targets = (
				71C02BC52841A642007E918C /* notTheBestName */,
				71C02BDB2841A645007E918C /* notTheBestNameTests */,
				71C02BE52841A645007E918C /* notTheBestNameUITests */,
			);
		};
/* End PBXProject section */

/* Begin PBXResourcesBuildPhase section */
		71C02BC42841A642007E918C /* Resources */ = {
			isa = PBXResourcesBuildPhase;
			buildActionMask = 2147483647;
			files = (
				71C02BD62841A645007E918C /* LaunchScreen.storyboard in Resources */,
				71C02BD32841A645007E918C /* Assets.xcassets in Resources */,
				71C02BD12841A642007E918C /* Main.storyboard in Resources */,
			);
			runOnlyForDeploymentPostprocessing = 0;
		};
		71C02BDA2841A645007E918C /* Resources */ = {
			isa = PBXResourcesBuildPhase;
			buildActionMask = 2147483647;
			files = (
			);
			runOnlyForDeploymentPostprocessing = 0;
		};
		71C02BE42841A645007E918C /* Resources */ = {
			isa = PBXResourcesBuildPhase;
			buildActionMask = 2147483647;
			files = (
			);
			runOnlyForDeploymentPostprocessing = 0;
		};
/* End PBXResourcesBuildPhase section */

/* Begin PBXSourcesBuildPhase section */
		71C02BC22841A642007E918C /* Sources */ = {
			isa = PBXSourcesBuildPhase;
			buildActionMask = 2147483647;
			files = (
				71C02BCE2841A642007E918C /* ViewController.swift in Sources */,
				71C02BCA2841A642007E918C /* AppDelegate.swift in Sources */,
				71C02BCC2841A642007E918C /* SceneDelegate.swift in Sources */,
			);
			runOnlyForDeploymentPostprocessing = 0;
		};
		71C02BD82841A645007E918C /* Sources */ = {
			isa = PBXSourcesBuildPhase;
			buildActionMask = 2147483647;
			files = (
				71C02BE12841A645007E918C /* notTheBestNameTests.swift in Sources */,
			);
			runOnlyForDeploymentPostprocessing = 0;
		};
		71C02BE22841A645007E918C /* Sources */ = {
			isa = PBXSourcesBuildPhase;
			buildActionMask = 2147483647;
			files = (
				71C02BEB2841A645007E918C /* notTheBestNameUITests.swift in Sources */,
				71C02BED2841A645007E918C /* notTheBestNameUITestsLaunchTests.swift in Sources */,
			);
			runOnlyForDeploymentPostprocessing = 0;
		};
/* End PBXSourcesBuildPhase section */

/* Begin PBXTargetDependency section */
		71C02BDE2841A645007E918C /* PBXTargetDependency */ = {
			isa = PBXTargetDependency;
			target = 71C02BC52841A642007E918C /* notTheBestName */;
			targetProxy = 71C02BDD2841A645007E918C /* PBXContainerItemProxy */;
		};
		71C02BE82841A645007E918C /* PBXTargetDependency */ = {
			isa = PBXTargetDependency;
			target = 71C02BC52841A642007E918C /* notTheBestName */;
			targetProxy = 71C02BE72841A645007E918C /* PBXContainerItemProxy */;
		};
/* End PBXTargetDependency section */

/* Begin PBXVariantGroup section */
		71C02BCF2841A642007E918C /* Main.storyboard */ = {
			isa = PBXVariantGroup;
			children = (
				71C02BD02841A642007E918C /* Base */,
			);
			name = Main.storyboard;
			sourceTree = "<group>";
		};
		71C02BD42841A645007E918C /* LaunchScreen.storyboard */ = {
			isa = PBXVariantGroup;
			children = (
				71C02BD52841A645007E918C /* Base */,
			);
			name = LaunchScreen.storyboard;
			sourceTree = "<group>";
		};
/* End PBXVariantGroup section */

/* Begin XCBuildConfiguration section */
		71C02BEE2841A645007E918C /* Debug */ = {
			isa = XCBuildConfiguration;
			buildSettings = {
				ALWAYS_SEARCH_USER_PATHS = NO;
				CLANG_ANALYZER_NONNULL = YES;
				CLANG_ANALYZER_NUMBER_OBJECT_CONVERSION = YES_AGGRESSIVE;
				CLANG_CXX_LANGUAGE_STANDARD = "gnu++17";
				CLANG_ENABLE_MODULES = YES;
				CLANG_ENABLE_OBJC_ARC = YES;
				CLANG_ENABLE_OBJC_WEAK = YES;
				CLANG_WARN_BLOCK_CAPTURE_AUTORELEASING = YES;
				CLANG_WARN_BOOL_CONVERSION = YES;
				CLANG_WARN_COMMA = YES;
				CLANG_WARN_CONSTANT_CONVERSION = YES;
				CLANG_WARN_DEPRECATED_OBJC_IMPLEMENTATIONS = YES;
				CLANG_WARN_DIRECT_OBJC_ISA_USAGE = YES_ERROR;
				CLANG_WARN_DOCUMENTATION_COMMENTS = YES;
				CLANG_WARN_EMPTY_BODY = YES;
				CLANG_WARN_ENUM_CONVERSION = YES;
				CLANG_WARN_INFINITE_RECURSION = YES;
				CLANG_WARN_INT_CONVERSION = YES;
				CLANG_WARN_NON_LITERAL_NULL_CONVERSION = YES;
				CLANG_WARN_OBJC_IMPLICIT_RETAIN_SELF = YES;
				CLANG_WARN_OBJC_LITERAL_CONVERSION = YES;
				CLANG_WARN_OBJC_ROOT_CLASS = YES_ERROR;
				CLANG_WARN_QUOTED_INCLUDE_IN_FRAMEWORK_HEADER = YES;
				CLANG_WARN_RANGE_LOOP_ANALYSIS = YES;
				CLANG_WARN_STRICT_PROTOTYPES = YES;
				CLANG_WARN_SUSPICIOUS_MOVE = YES;
				CLANG_WARN_UNGUARDED_AVAILABILITY = YES_AGGRESSIVE;
				CLANG_WARN_UNREACHABLE_CODE = YES;
				CLANG_WARN__DUPLICATE_METHOD_MATCH = YES;
				COPY_PHASE_STRIP = NO;
				DEBUG_INFORMATION_FORMAT = dwarf;
				ENABLE_STRICT_OBJC_MSGSEND = YES;
				ENABLE_TESTABILITY = YES;
				GCC_C_LANGUAGE_STANDARD = gnu11;
				GCC_DYNAMIC_NO_PIC = NO;
				GCC_NO_COMMON_BLOCKS = YES;
				GCC_OPTIMIZATION_LEVEL = 0;
				GCC_PREPROCESSOR_DEFINITIONS = (
					"DEBUG=1",
					"$(inherited)",
				);
				GCC_WARN_64_TO_32_BIT_CONVERSION = YES;
				GCC_WARN_ABOUT_RETURN_TYPE = YES_ERROR;
				GCC_WARN_UNDECLARED_SELECTOR = YES;
				GCC_WARN_UNINITIALIZED_AUTOS = YES_AGGRESSIVE;
				GCC_WARN_UNUSED_FUNCTION = YES;
				GCC_WARN_UNUSED_VARIABLE = YES;
				IPHONEOS_DEPLOYMENT_TARGET = 15.5;
				MTL_ENABLE_DEBUG_INFO = INCLUDE_SOURCE;
				MTL_FAST_MATH = YES;
				ONLY_ACTIVE_ARCH = YES;
				SDKROOT = iphoneos;
				SWIFT_ACTIVE_COMPILATION_CONDITIONS = DEBUG;
				SWIFT_OPTIMIZATION_LEVEL = "-Onone";
			};
			name = Debug;
		};
		71C02BEF2841A645007E918C /* Release */ = {
			isa = XCBuildConfiguration;
			buildSettings = {
				ALWAYS_SEARCH_USER_PATHS = NO;
				CLANG_ANALYZER_NONNULL = YES;
				CLANG_ANALYZER_NUMBER_OBJECT_CONVERSION = YES_AGGRESSIVE;
				CLANG_CXX_LANGUAGE_STANDARD = "gnu++17";
				CLANG_ENABLE_MODULES = YES;
				CLANG_ENABLE_OBJC_ARC = YES;
				CLANG_ENABLE_OBJC_WEAK = YES;
				CLANG_WARN_BLOCK_CAPTURE_AUTORELEASING = YES;
				CLANG_WARN_BOOL_CONVERSION = YES;
				CLANG_WARN_COMMA = YES;
				CLANG_WARN_CONSTANT_CONVERSION = YES;
				CLANG_WARN_DEPRECATED_OBJC_IMPLEMENTATIONS = YES;
				CLANG_WARN_DIRECT_OBJC_ISA_USAGE = YES_ERROR;
				CLANG_WARN_DOCUMENTATION_COMMENTS = YES;
				CLANG_WARN_EMPTY_BODY = YES;
				CLANG_WARN_ENUM_CONVERSION = YES;
				CLANG_WARN_INFINITE_RECURSION = YES;
				CLANG_WARN_INT_CONVERSION = YES;
				CLANG_WARN_NON_LITERAL_NULL_CONVERSION = YES;
				CLANG_WARN_OBJC_IMPLICIT_RETAIN_SELF = YES;
				CLANG_WARN_OBJC_LITERAL_CONVERSION = YES;
				CLANG_WARN_OBJC_ROOT_CLASS = YES_ERROR;
				CLANG_WARN_QUOTED_INCLUDE_IN_FRAMEWORK_HEADER = YES;
				CLANG_WARN_RANGE_LOOP_ANALYSIS = YES;
				CLANG_WARN_STRICT_PROTOTYPES = YES;
				CLANG_WARN_SUSPICIOUS_MOVE = YES;
				CLANG_WARN_UNGUARDED_AVAILABILITY = YES_AGGRESSIVE;
				CLANG_WARN_UNREACHABLE_CODE = YES;
				CLANG_WARN__DUPLICATE_METHOD_MATCH = YES;
				COPY_PHASE_STRIP = NO;
				DEBUG_INFORMATION_FORMAT = "dwarf-with-dsym";
				ENABLE_NS_ASSERTIONS = NO;
				ENABLE_STRICT_OBJC_MSGSEND = YES;
				GCC_C_LANGUAGE_STANDARD = gnu11;
				GCC_NO_COMMON_BLOCKS = YES;
				GCC_WARN_64_TO_32_BIT_CONVERSION = YES;
				GCC_WARN_ABOUT_RETURN_TYPE = YES_ERROR;
				GCC_WARN_UNDECLARED_SELECTOR = YES;
				GCC_WARN_UNINITIALIZED_AUTOS = YES_AGGRESSIVE;
				GCC_WARN_UNUSED_FUNCTION = YES;
				GCC_WARN_UNUSED_VARIABLE = YES;
				IPHONEOS_DEPLOYMENT_TARGET = 15.5;
				MTL_ENABLE_DEBUG_INFO = NO;
				MTL_FAST_MATH = YES;
				SDKROOT = iphoneos;
				SWIFT_COMPILATION_MODE = wholemodule;
				SWIFT_OPTIMIZATION_LEVEL = "-O";
				VALIDATE_PRODUCT = YES;
			};
			name = Release;
		};
		71C02BF12841A645007E918C /* Debug */ = {
			isa = XCBuildConfiguration;
			buildSettings = {
				ASSETCATALOG_COMPILER_APPICON_NAME = AppIcon;
				ASSETCATALOG_COMPILER_GLOBAL_ACCENT_COLOR_NAME = AccentColor;
				CODE_SIGN_STYLE = Automatic;
				CURRENT_PROJECT_VERSION = 1;
				DEVELOPMENT_TEAM = A2R95N5JFY;
				GENERATE_INFOPLIST_FILE = YES;
				INFOPLIST_FILE = notTheBestName/Info.plist;
				INFOPLIST_KEY_UIApplicationSupportsIndirectInputEvents = YES;
				INFOPLIST_KEY_UILaunchStoryboardName = LaunchScreen;
				INFOPLIST_KEY_UIMainStoryboardFile = Main;
				INFOPLIST_KEY_UISupportedInterfaceOrientations_iPad = "UIInterfaceOrientationPortrait UIInterfaceOrientationPortraitUpsideDown UIInterfaceOrientationLandscapeLeft UIInterfaceOrientationLandscapeRight";
				INFOPLIST_KEY_UISupportedInterfaceOrientations_iPhone = "UIInterfaceOrientationPortrait UIInterfaceOrientationLandscapeLeft UIInterfaceOrientationLandscapeRight";
				LD_RUNPATH_SEARCH_PATHS = (
					"$(inherited)",
					"@executable_path/Frameworks",
				);
				MARKETING_VERSION = 1.0;
				PRODUCT_BUNDLE_IDENTIFIER = DevLuna.notTheBestName;
				PRODUCT_NAME = "$(TARGET_NAME)";
				SWIFT_EMIT_LOC_STRINGS = YES;
				SWIFT_VERSION = 5.0;
				TARGETED_DEVICE_FAMILY = "1,2";
			};
			name = Debug;
		};
		71C02BF22841A645007E918C /* Release */ = {
			isa = XCBuildConfiguration;
			buildSettings = {
				ASSETCATALOG_COMPILER_APPICON_NAME = AppIcon;
				ASSETCATALOG_COMPILER_GLOBAL_ACCENT_COLOR_NAME = AccentColor;
				CODE_SIGN_STYLE = Automatic;
				CURRENT_PROJECT_VERSION = 1;
				DEVELOPMENT_TEAM = A2R95N5JFY;
				GENERATE_INFOPLIST_FILE = YES;
				INFOPLIST_FILE = notTheBestName/Info.plist;
				INFOPLIST_KEY_UIApplicationSupportsIndirectInputEvents = YES;
				INFOPLIST_KEY_UILaunchStoryboardName = LaunchScreen;
				INFOPLIST_KEY_UIMainStoryboardFile = Main;
				INFOPLIST_KEY_UISupportedInterfaceOrientations_iPad = "UIInterfaceOrientationPortrait UIInterfaceOrientationPortraitUpsideDown UIInterfaceOrientationLandscapeLeft UIInterfaceOrientationLandscapeRight";
				INFOPLIST_KEY_UISupportedInterfaceOrientations_iPhone = "UIInterfaceOrientationPortrait UIInterfaceOrientationLandscapeLeft UIInterfaceOrientationLandscapeRight";
				LD_RUNPATH_SEARCH_PATHS = (
					"$(inherited)",
					"@executable_path/Frameworks",
				);
				MARKETING_VERSION = 1.0;
				PRODUCT_BUNDLE_IDENTIFIER = DevLuna.notTheBestName;
				PRODUCT_NAME = "$(TARGET_NAME)";
				SWIFT_EMIT_LOC_STRINGS = YES;
				SWIFT_VERSION = 5.0;
				TARGETED_DEVICE_FAMILY = "1,2";
			};
			name = Release;
		};
		71C02BF42841A645007E918C /* Debug */ = {
			isa = XCBuildConfiguration;
			buildSettings = {
				ALWAYS_EMBED_SWIFT_STANDARD_LIBRARIES = YES;
				BUNDLE_LOADER = "$(TEST_HOST)";
				CODE_SIGN_STYLE = Automatic;
				CURRENT_PROJECT_VERSION = 1;
				DEVELOPMENT_TEAM = A2R95N5JFY;
				GENERATE_INFOPLIST_FILE = YES;
				IPHONEOS_DEPLOYMENT_TARGET = 15.5;
				MARKETING_VERSION = 1.0;
				PRODUCT_BUNDLE_IDENTIFIER = DevLuna.notTheBestNameTests;
				PRODUCT_NAME = "$(TARGET_NAME)";
				SWIFT_EMIT_LOC_STRINGS = NO;
				SWIFT_VERSION = 5.0;
				TARGETED_DEVICE_FAMILY = "1,2";
				TEST_HOST = "$(BUILT_PRODUCTS_DIR)/notTheBestName.app/notTheBestName";
			};
			name = Debug;
		};
		71C02BF52841A645007E918C /* Release */ = {
			isa = XCBuildConfiguration;
			buildSettings = {
				ALWAYS_EMBED_SWIFT_STANDARD_LIBRARIES = YES;
				BUNDLE_LOADER = "$(TEST_HOST)";
				CODE_SIGN_STYLE = Automatic;
				CURRENT_PROJECT_VERSION = 1;
				DEVELOPMENT_TEAM = A2R95N5JFY;
				GENERATE_INFOPLIST_FILE = YES;
				IPHONEOS_DEPLOYMENT_TARGET = 15.5;
				MARKETING_VERSION = 1.0;
				PRODUCT_BUNDLE_IDENTIFIER = DevLuna.notTheBestNameTests;
				PRODUCT_NAME = "$(TARGET_NAME)";
				SWIFT_EMIT_LOC_STRINGS = NO;
				SWIFT_VERSION = 5.0;
				TARGETED_DEVICE_FAMILY = "1,2";
				TEST_HOST = "$(BUILT_PRODUCTS_DIR)/notTheBestName.app/notTheBestName";
			};
			name = Release;
		};
		71C02BF72841A645007E918C /* Debug */ = {
			isa = XCBuildConfiguration;
			buildSettings = {
				ALWAYS_EMBED_SWIFT_STANDARD_LIBRARIES = YES;
				CODE_SIGN_STYLE = Automatic;
				CURRENT_PROJECT_VERSION = 1;
				DEVELOPMENT_TEAM = A2R95N5JFY;
				GENERATE_INFOPLIST_FILE = YES;
				MARKETING_VERSION = 1.0;
				PRODUCT_BUNDLE_IDENTIFIER = DevLuna.notTheBestNameUITests;
				PRODUCT_NAME = "$(TARGET_NAME)";
				SWIFT_EMIT_LOC_STRINGS = NO;
				SWIFT_VERSION = 5.0;
				TARGETED_DEVICE_FAMILY = "1,2";
				TEST_TARGET_NAME = notTheBestName;
			};
			name = Debug;
		};
		71C02BF82841A645007E918C /* Release */ = {
			isa = XCBuildConfiguration;
			buildSettings = {
				ALWAYS_EMBED_SWIFT_STANDARD_LIBRARIES = YES;
				CODE_SIGN_STYLE = Automatic;
				CURRENT_PROJECT_VERSION = 1;
				DEVELOPMENT_TEAM = A2R95N5JFY;
				GENERATE_INFOPLIST_FILE = YES;
				MARKETING_VERSION = 1.0;
				PRODUCT_BUNDLE_IDENTIFIER = DevLuna.notTheBestNameUITests;
				PRODUCT_NAME = "$(TARGET_NAME)";
				SWIFT_EMIT_LOC_STRINGS = NO;
				SWIFT_VERSION = 5.0;
				TARGETED_DEVICE_FAMILY = "1,2";
				TEST_TARGET_NAME = notTheBestName;
			};
			name = Release;
		};
/* End XCBuildConfiguration section */

/* Begin XCConfigurationList section */
		71C02BC12841A642007E918C /* Build configuration list for PBXProject "notTheBestName" */ = {
			isa = XCConfigurationList;
			buildConfigurations = (
				71C02BEE2841A645007E918C /* Debug */,
				71C02BEF2841A645007E918C /* Release */,
			);
			defaultConfigurationIsVisible = 0;
			defaultConfigurationName = Release;
		};
		71C02BF02841A645007E918C /* Build configuration list for PBXNativeTarget "notTheBestName" */ = {
			isa = XCConfigurationList;
			buildConfigurations = (
				71C02BF12841A645007E918C /* Debug */,
				71C02BF22841A645007E918C /* Release */,
			);
			defaultConfigurationIsVisible = 0;
			defaultConfigurationName = Release;
		};
		71C02BF32841A645007E918C /* Build configuration list for PBXNativeTarget "notTheBestNameTests" */ = {
			isa = XCConfigurationList;
			buildConfigurations = (
				71C02BF42841A645007E918C /* Debug */,
				71C02BF52841A645007E918C /* Release */,
			);
			defaultConfigurationIsVisible = 0;
			defaultConfigurationName = Release;
		};
		71C02BF62841A645007E918C /* Build configuration list for PBXNativeTarget "notTheBestNameUITests" */ = {
			isa = XCConfigurationList;
			buildConfigurations = (
				71C02BF72841A645007E918C /* Debug */,
				71C02BF82841A645007E918C /* Release */,
			);
			defaultConfigurationIsVisible = 0;
			defaultConfigurationName = Release;
		};
/* End XCConfigurationList section */
	};
	rootObject = 71C02BBE2841A642007E918C /* Project object */;
}
